
Microsoft Visual Studio Solution File, Format Version 12.00
# Visual Studio Version 17
VisualStudioVersion = 17.12.35707.178
MinimumVisualStudioVersion = 10.0.40219.1
Project("{FAE04EC0-301F-11D3-BF4B-00C04F79EFBC}") = "NetTest", "NetTest\NetTest.csproj", "{182D4FA2-8D68-4992-AE22-5A33E2BCA7F1}"
EndProject
Project("{FAE04EC0-301F-11D3-BF4B-00C04F79EFBC}") = "LoggerService", "LoggerService\LoggerService.csproj", "{B394B937-F10F-4B1E-B3CF-0CCDA6C36C04}"
EndProject
Project("{FAE04EC0-301F-11D3-BF4B-00C04F79EFBC}") = "Contracts", "Contracts\Contracts.csproj", "{C58E6532-2B9E-427D-BD5C-C49825AECBC2}"
EndProject
Project("{FAE04EC0-301F-11D3-BF4B-00C04F79EFBC}") = "Repository", "Repository\Repository.csproj", "{9994CE10-CD98-4F09-B41F-F1921E9E68A2}"
EndProject
Project("{FAE04EC0-301F-11D3-BF4B-00C04F79EFBC}") = "Entities", "Entities\Entities.csproj", "{F13472F5-0082-492C-B92D-6CDA19701DDE}"
EndProject
Project("{FAE04EC0-301F-11D3-BF4B-00C04F79EFBC}") = "Service.Contracts", "Service.Contracts\Service.Contracts.csproj", "{ACB2CEA8-6C24-49F7-BF95-1893FF5DD6FA}"
EndProject
Project("{FAE04EC0-301F-11D3-BF4B-00C04F79EFBC}") = "Service", "Service\Service.csproj", "{E51DB810-9E90-4106-A0E8-F6C7AA1D4658}"
EndProject
Project("{FAE04EC0-301F-11D3-BF4B-00C04F79EFBC}") = "CompanyEmployees.Presentation", "CompanyEmployees.Presentation\CompanyEmployees.Presentation.csproj", "{02720EBD-013E-4695-9DD7-3B85FD774A9B}"
EndProject
Project("{FAE04EC0-301F-11D3-BF4B-00C04F79EFBC}") = "Shared", "Shared\Shared.csproj", "{ABF8534B-3F0C-4E1A-B013-06073F671886}"
EndProject
Global
	GlobalSection(SolutionConfigurationPlatforms) = preSolution
		Debug|Any CPU = Debug|Any CPU
		Release|Any CPU = Release|Any CPU
	EndGlobalSection
	GlobalSection(ProjectConfigurationPlatforms) = postSolution
		{182D4FA2-8D68-4992-AE22-5A33E2BCA7F1}.Debug|Any CPU.ActiveCfg = Debug|Any CPU
		{182D4FA2-8D68-4992-AE22-5A33E2BCA7F1}.Debug|Any CPU.Build.0 = Debug|Any CPU
		{182D4FA2-8D68-4992-AE22-5A33E2BCA7F1}.Release|Any CPU.ActiveCfg = Release|Any CPU
		{182D4FA2-8D68-4992-AE22-5A33E2BCA7F1}.Release|Any CPU.Build.0 = Release|Any CPU
		{B394B937-F10F-4B1E-B3CF-0CCDA6C36C04}.Debug|Any CPU.ActiveCfg = Debug|Any CPU
		{B394B937-F10F-4B1E-B3CF-0CCDA6C36C04}.Debug|Any CPU.Build.0 = Debug|Any CPU
		{B394B937-F10F-4B1E-B3CF-0CCDA6C36C04}.Release|Any CPU.ActiveCfg = Release|Any CPU
		{B394B937-F10F-4B1E-B3CF-0CCDA6C36C04}.Release|Any CPU.Build.0 = Release|Any CPU
		{C58E6532-2B9E-427D-BD5C-C49825AECBC2}.Debug|Any CPU.ActiveCfg = Debug|Any CPU
		{C58E6532-2B9E-427D-BD5C-C49825AECBC2}.Debug|Any CPU.Build.0 = Debug|Any CPU
		{C58E6532-2B9E-427D-BD5C-C49825AECBC2}.Release|Any CPU.ActiveCfg = Release|Any CPU
		{C58E6532-2B9E-427D-BD5C-C49825AECBC2}.Release|Any CPU.Build.0 = Release|Any CPU
		{9994CE10-CD98-4F09-B41F-F1921E9E68A2}.Debug|Any CPU.ActiveCfg = Debug|Any CPU
		{9994CE10-CD98-4F09-B41F-F1921E9E68A2}.Debug|Any CPU.Build.0 = Debug|Any CPU
		{9994CE10-CD98-4F09-B41F-F1921E9E68A2}.Release|Any CPU.ActiveCfg = Release|Any CPU
		{9994CE10-CD98-4F09-B41F-F1921E9E68A2}.Release|Any CPU.Build.0 = Release|Any CPU
		{F13472F5-0082-492C-B92D-6CDA19701DDE}.Debug|Any CPU.ActiveCfg = Debug|Any CPU
		{F13472F5-0082-492C-B92D-6CDA19701DDE}.Debug|Any CPU.Build.0 = Debug|Any CPU
		{F13472F5-0082-492C-B92D-6CDA19701DDE}.Release|Any CPU.ActiveCfg = Release|Any CPU
		{F13472F5-0082-492C-B92D-6CDA19701DDE}.Release|Any CPU.Build.0 = Release|Any CPU
		{ACB2CEA8-6C24-49F7-BF95-1893FF5DD6FA}.Debug|Any CPU.ActiveCfg = Debug|Any CPU
		{ACB2CEA8-6C24-49F7-BF95-1893FF5DD6FA}.Debug|Any CPU.Build.0 = Debug|Any CPU
		{ACB2CEA8-6C24-49F7-BF95-1893FF5DD6FA}.Release|Any CPU.ActiveCfg = Release|Any CPU
		{ACB2CEA8-6C24-49F7-BF95-1893FF5DD6FA}.Release|Any CPU.Build.0 = Release|Any CPU
		{E51DB810-9E90-4106-A0E8-F6C7AA1D4658}.Debug|Any CPU.ActiveCfg = Debug|Any CPU
		{E51DB810-9E90-4106-A0E8-F6C7AA1D4658}.Debug|Any CPU.Build.0 = Debug|Any CPU
		{E51DB810-9E90-4106-A0E8-F6C7AA1D4658}.Release|Any CPU.ActiveCfg = Release|Any CPU
		{E51DB810-9E90-4106-A0E8-F6C7AA1D4658}.Release|Any CPU.Build.0 = Release|Any CPU
		{02720EBD-013E-4695-9DD7-3B85FD774A9B}.Debug|Any CPU.ActiveCfg = Debug|Any CPU
		{02720EBD-013E-4695-9DD7-3B85FD774A9B}.Debug|Any CPU.Build.0 = Debug|Any CPU
		{02720EBD-013E-4695-9DD7-3B85FD774A9B}.Release|Any CPU.ActiveCfg = Release|Any CPU
		{02720EBD-013E-4695-9DD7-3B85FD774A9B}.Release|Any CPU.Build.0 = Release|Any CPU
		{ABF8534B-3F0C-4E1A-B013-06073F671886}.Debug|Any CPU.ActiveCfg = Debug|Any CPU
		{ABF8534B-3F0C-4E1A-B013-06073F671886}.Debug|Any CPU.Build.0 = Debug|Any CPU
		{ABF8534B-3F0C-4E1A-B013-06073F671886}.Release|Any CPU.ActiveCfg = Release|Any CPU
		{ABF8534B-3F0C-4E1A-B013-06073F671886}.Release|Any CPU.Build.0 = Release|Any CPU
	EndGlobalSection
	GlobalSection(SolutionProperties) = preSolution
		HideSolutionNode = FALSE
	EndGlobalSection
EndGlobal
